{
  "originHash" : "5d9656fc10bd93bf5389ccd86c0c632d0e27af2061d2da137e81b31c0d3b2599",
  "pins" : [
    {
      "identity" : "swift-algorand",
      "kind" : "remoteSourceControl",
      "location" : "https://github.com/CorvidLabs/swift-algorand.git",
      "state" : {
        "revision" : "3c7c7f2b68dd492e12e1e5c4355ee2f16bc73a71",
        "version" : "0.3.1"
      }
    },
    {
      "identity" : "swift-asn1",
      "kind" : "remoteSourceControl",
      "location" : "https://github.com/apple/swift-asn1.git",
      "state" : {
        "revision" : "40d25bbb2fc5b557a9aa8512210bded327c0f60d",
        "version" : "1.5.0"
      }
    },
    {
      "identity" : "swift-crypto",
      "kind" : "remoteSourceControl",
      "location" : "https://github.com/apple/swift-crypto.git",
      "state" : {
        "revision" : "95ba0316a9b733e92bb6b071255ff46263bbe7dc",
        "version" : "3.15.1"
      }
    },
    {
      "identity" : "swift-docc-plugin",
      "kind" : "remoteSourceControl",
      "location" : "https://github.com/swiftlang/swift-docc-plugin",
      "state" : {
        "revision" : "3e4f133a77e644a5812911a0513aeb7288b07d06",
        "version" : "1.4.5"
      }
    },
    {
      "identity" : "swift-docc-symbolkit",
      "kind" : "remoteSourceControl",
      "location" : "https://github.com/swiftlang/swift-docc-symbolkit",
      "state" : {
        "revision" : "b45d1f2ed151d057b54504d653e0da5552844e34",
        "version" : "1.0.0"
      }
    },
    {
      "identity" : "swift-pinata",
      "kind" : "remoteSourceControl",
      "location" : "https://github.com/CorvidLabs/swift-pinata.git",
      "state" : {
        "revision" : "d629255b0dd7e78bae2181d1e64050e6d47eb584",
        "version" : "0.2.0"
      }
    }
  ],
  "version" : 3
}
